
Microsoft Visual Studio Solution File, Format Version 12.00
# Visual Studio 15
VisualStudioVersion = 15.0.28307.489
MinimumVisualStudioVersion = 10.0.40219.1
Project("{FAE04EC0-301F-11D3-BF4B-00C04F79EFBC}") = "UserLogin", "UserLogin\UserLogin.csproj", "{799722B4-39B9-4A3F-8031-F007FEFD6E69}"
EndProject
Project("{FAE04EC0-301F-11D3-BF4B-00C04F79EFBC}") = "StudentRepository", "StudentRepository\StudentRepository.csproj", "{773179EC-FF48-42D2-9123-5E2002A541A4}"
EndProject
Project("{FAE04EC0-301F-11D3-BF4B-00C04F79EFBC}") = "StudentInfoSystem", "StudentInfoSystem\StudentInfoSystem.csproj", "{AF35005E-2E6E-48D6-ADE2-CBDAC18657DF}"
EndProject
Project("{FAE04EC0-301F-11D3-BF4B-00C04F79EFBC}") = "WPFhello", "WPFhello\WPFhello.csproj", "{0621377A-0745-45C9-AE27-AC86F2AF371B}"
EndProject
Project("{FAE04EC0-301F-11D3-BF4B-00C04F79EFBC}") = "Expenselt", "Expenselt\Expenselt.csproj", "{D8A5E0E5-9D05-4326-BB60-C47F15434205}"
EndProject
Project("{FAE04EC0-301F-11D3-BF4B-00C04F79EFBC}") = "Opa", "Opa\Opa.csproj", "{E34B3D81-0AA4-4E2D-A7CC-8B8B8C4CCB0C}"
EndProject
Global
	GlobalSection(SolutionConfigurationPlatforms) = preSolution
		Ad-Hoc|Any CPU = Ad-Hoc|Any CPU
		Ad-Hoc|ARM = Ad-Hoc|ARM
		Ad-Hoc|iPhone = Ad-Hoc|iPhone
		Ad-Hoc|iPhoneSimulator = Ad-Hoc|iPhoneSimulator
		Ad-Hoc|x64 = Ad-Hoc|x64
		Ad-Hoc|x86 = Ad-Hoc|x86
		AppStore|Any CPU = AppStore|Any CPU
		AppStore|ARM = AppStore|ARM
		AppStore|iPhone = AppStore|iPhone
		AppStore|iPhoneSimulator = AppStore|iPhoneSimulator
		AppStore|x64 = AppStore|x64
		AppStore|x86 = AppStore|x86
		Debug|Any CPU = Debug|Any CPU
		Debug|ARM = Debug|ARM
		Debug|iPhone = Debug|iPhone
		Debug|iPhoneSimulator = Debug|iPhoneSimulator
		Debug|x64 = Debug|x64
		Debug|x86 = Debug|x86
		Release|Any CPU = Release|Any CPU
		Release|ARM = Release|ARM
		Release|iPhone = Release|iPhone
		Release|iPhoneSimulator = Release|iPhoneSimulator
		Release|x64 = Release|x64
		Release|x86 = Release|x86
	EndGlobalSection
	GlobalSection(ProjectConfigurationPlatforms) = postSolution
		{799722B4-39B9-4A3F-8031-F007FEFD6E69}.Ad-Hoc|Any CPU.ActiveCfg = Release|Any CPU
		{799722B4-39B9-4A3F-8031-F007FEFD6E69}.Ad-Hoc|Any CPU.Build.0 = Release|Any CPU
		{799722B4-39B9-4A3F-8031-F007FEFD6E69}.Ad-Hoc|ARM.ActiveCfg = Release|Any CPU
		{799722B4-39B9-4A3F-8031-F007FEFD6E69}.Ad-Hoc|ARM.Build.0 = Release|Any CPU
		{799722B4-39B9-4A3F-8031-F007FEFD6E69}.Ad-Hoc|iPhone.ActiveCfg = Release|Any CPU
		{799722B4-39B9-4A3F-8031-F007FEFD6E69}.Ad-Hoc|iPhone.Build.0 = Release|Any CPU
		{799722B4-39B9-4A3F-8031-F007FEFD6E69}.Ad-Hoc|iPhoneSimulator.ActiveCfg = Release|Any CPU
		{799722B4-39B9-4A3F-8031-F007FEFD6E69}.Ad-Hoc|iPhoneSimulator.Build.0 = Release|Any CPU
		{799722B4-39B9-4A3F-8031-F007FEFD6E69}.Ad-Hoc|x64.ActiveCfg = Release|Any CPU
		{799722B4-39B9-4A3F-8031-F007FEFD6E69}.Ad-Hoc|x64.Build.0 = Release|Any CPU
		{799722B4-39B9-4A3F-8031-F007FEFD6E69}.Ad-Hoc|x86.ActiveCfg = Release|Any CPU
		{799722B4-39B9-4A3F-8031-F007FEFD6E69}.Ad-Hoc|x86.Build.0 = Release|Any CPU
		{799722B4-39B9-4A3F-8031-F007FEFD6E69}.AppStore|Any CPU.ActiveCfg = Release|Any CPU
		{799722B4-39B9-4A3F-8031-F007FEFD6E69}.AppStore|Any CPU.Build.0 = Release|Any CPU
		{799722B4-39B9-4A3F-8031-F007FEFD6E69}.AppStore|ARM.ActiveCfg = Release|Any CPU
		{799722B4-39B9-4A3F-8031-F007FEFD6E69}.AppStore|ARM.Build.0 = Release|Any CPU
		{799722B4-39B9-4A3F-8031-F007FEFD6E69}.AppStore|iPhone.ActiveCfg = Release|Any CPU
		{799722B4-39B9-4A3F-8031-F007FEFD6E69}.AppStore|iPhone.Build.0 = Release|Any CPU
		{799722B4-39B9-4A3F-8031-F007FEFD6E69}.AppStore|iPhoneSimulator.ActiveCfg = Release|Any CPU
		{799722B4-39B9-4A3F-8031-F007FEFD6E69}.AppStore|iPhoneSimulator.Build.0 = Release|Any CPU
		{799722B4-39B9-4A3F-8031-F007FEFD6E69}.AppStore|x64.ActiveCfg = Release|Any CPU
		{799722B4-39B9-4A3F-8031-F007FEFD6E69}.AppStore|x64.Build.0 = Release|Any CPU
		{799722B4-39B9-4A3F-8031-F007FEFD6E69}.AppStore|x86.ActiveCfg = Release|Any CPU
		{799722B4-39B9-4A3F-8031-F007FEFD6E69}.AppStore|x86.Build.0 = Release|Any CPU
		{799722B4-39B9-4A3F-8031-F007FEFD6E69}.Debug|Any CPU.ActiveCfg = Debug|Any CPU
		{799722B4-39B9-4A3F-8031-F007FEFD6E69}.Debug|Any CPU.Build.0 = Debug|Any CPU
		{799722B4-39B9-4A3F-8031-F007FEFD6E69}.Debug|ARM.ActiveCfg = Debug|Any CPU
		{799722B4-39B9-4A3F-8031-F007FEFD6E69}.Debug|ARM.Build.0 = Debug|Any CPU
		{799722B4-39B9-4A3F-8031-F007FEFD6E69}.Debug|iPhone.ActiveCfg = Debug|Any CPU
		{799722B4-39B9-4A3F-8031-F007FEFD6E69}.Debug|iPhone.Build.0 = Debug|Any CPU
		{799722B4-39B9-4A3F-8031-F007FEFD6E69}.Debug|iPhoneSimulator.ActiveCfg = Debug|Any CPU
		{799722B4-39B9-4A3F-8031-F007FEFD6E69}.Debug|iPhoneSimulator.Build.0 = Debug|Any CPU
		{799722B4-39B9-4A3F-8031-F007FEFD6E69}.Debug|x64.ActiveCfg = Debug|Any CPU
		{799722B4-39B9-4A3F-8031-F007FEFD6E69}.Debug|x64.Build.0 = Debug|Any CPU
		{799722B4-39B9-4A3F-8031-F007FEFD6E69}.Debug|x86.ActiveCfg = Debug|Any CPU
		{799722B4-39B9-4A3F-8031-F007FEFD6E69}.Debug|x86.Build.0 = Debug|Any CPU
		{799722B4-39B9-4A3F-8031-F007FEFD6E69}.Release|Any CPU.ActiveCfg = Release|Any CPU
		{799722B4-39B9-4A3F-8031-F007FEFD6E69}.Release|Any CPU.Build.0 = Release|Any CPU
		{799722B4-39B9-4A3F-8031-F007FEFD6E69}.Release|ARM.ActiveCfg = Release|Any CPU
		{799722B4-39B9-4A3F-8031-F007FEFD6E69}.Release|ARM.Build.0 = Release|Any CPU
		{799722B4-39B9-4A3F-8031-F007FEFD6E69}.Release|iPhone.ActiveCfg = Release|Any CPU
		{799722B4-39B9-4A3F-8031-F007FEFD6E69}.Release|iPhone.Build.0 = Release|Any CPU
		{799722B4-39B9-4A3F-8031-F007FEFD6E69}.Release|iPhoneSimulator.ActiveCfg = Release|Any CPU
		{799722B4-39B9-4A3F-8031-F007FEFD6E69}.Release|iPhoneSimulator.Build.0 = Release|Any CPU
		{799722B4-39B9-4A3F-8031-F007FEFD6E69}.Release|x64.ActiveCfg = Release|Any CPU
		{799722B4-39B9-4A3F-8031-F007FEFD6E69}.Release|x64.Build.0 = Release|Any CPU
		{799722B4-39B9-4A3F-8031-F007FEFD6E69}.Release|x86.ActiveCfg = Release|Any CPU
		{799722B4-39B9-4A3F-8031-F007FEFD6E69}.Release|x86.Build.0 = Release|Any CPU
		{773179EC-FF48-42D2-9123-5E2002A541A4}.Ad-Hoc|Any CPU.ActiveCfg = Release|Any CPU
		{773179EC-FF48-42D2-9123-5E2002A541A4}.Ad-Hoc|Any CPU.Build.0 = Release|Any CPU
		{773179EC-FF48-42D2-9123-5E2002A541A4}.Ad-Hoc|ARM.ActiveCfg = Release|Any CPU
		{773179EC-FF48-42D2-9123-5E2002A541A4}.Ad-Hoc|ARM.Build.0 = Release|Any CPU
		{773179EC-FF48-42D2-9123-5E2002A541A4}.Ad-Hoc|iPhone.ActiveCfg = Release|Any CPU
		{773179EC-FF48-42D2-9123-5E2002A541A4}.Ad-Hoc|iPhone.Build.0 = Release|Any CPU
		{773179EC-FF48-42D2-9123-5E2002A541A4}.Ad-Hoc|iPhoneSimulator.ActiveCfg = Release|Any CPU
		{773179EC-FF48-42D2-9123-5E2002A541A4}.Ad-Hoc|iPhoneSimulator.Build.0 = Release|Any CPU
		{773179EC-FF48-42D2-9123-5E2002A541A4}.Ad-Hoc|x64.ActiveCfg = Release|Any CPU
		{773179EC-FF48-42D2-9123-5E2002A541A4}.Ad-Hoc|x64.Build.0 = Release|Any CPU
		{773179EC-FF48-42D2-9123-5E2002A541A4}.Ad-Hoc|x86.ActiveCfg = Release|Any CPU
		{773179EC-FF48-42D2-9123-5E2002A541A4}.Ad-Hoc|x86.Build.0 = Release|Any CPU
		{773179EC-FF48-42D2-9123-5E2002A541A4}.AppStore|Any CPU.ActiveCfg = Release|Any CPU
		{773179EC-FF48-42D2-9123-5E2002A541A4}.AppStore|Any CPU.Build.0 = Release|Any CPU
		{773179EC-FF48-42D2-9123-5E2002A541A4}.AppStore|ARM.ActiveCfg = Release|Any CPU
		{773179EC-FF48-42D2-9123-5E2002A541A4}.AppStore|ARM.Build.0 = Release|Any CPU
		{773179EC-FF48-42D2-9123-5E2002A541A4}.AppStore|iPhone.ActiveCfg = Release|Any CPU
		{773179EC-FF48-42D2-9123-5E2002A541A4}.AppStore|iPhone.Build.0 = Release|Any CPU
		{773179EC-FF48-42D2-9123-5E2002A541A4}.AppStore|iPhoneSimulator.ActiveCfg = Release|Any CPU
		{773179EC-FF48-42D2-9123-5E2002A541A4}.AppStore|iPhoneSimulator.Build.0 = Release|Any CPU
		{773179EC-FF48-42D2-9123-5E2002A541A4}.AppStore|x64.ActiveCfg = Release|Any CPU
		{773179EC-FF48-42D2-9123-5E2002A541A4}.AppStore|x64.Build.0 = Release|Any CPU
		{773179EC-FF48-42D2-9123-5E2002A541A4}.AppStore|x86.ActiveCfg = Release|Any CPU
		{773179EC-FF48-42D2-9123-5E2002A541A4}.AppStore|x86.Build.0 = Release|Any CPU
		{773179EC-FF48-42D2-9123-5E2002A541A4}.Debug|Any CPU.ActiveCfg = Debug|Any CPU
		{773179EC-FF48-42D2-9123-5E2002A541A4}.Debug|Any CPU.Build.0 = Debug|Any CPU
		{773179EC-FF48-42D2-9123-5E2002A541A4}.Debug|ARM.ActiveCfg = Debug|Any CPU
		{773179EC-FF48-42D2-9123-5E2002A541A4}.Debug|ARM.Build.0 = Debug|Any CPU
		{773179EC-FF48-42D2-9123-5E2002A541A4}.Debug|iPhone.ActiveCfg = Debug|Any CPU
		{773179EC-FF48-42D2-9123-5E2002A541A4}.Debug|iPhone.Build.0 = Debug|Any CPU
		{773179EC-FF48-42D2-9123-5E2002A541A4}.Debug|iPhoneSimulator.ActiveCfg = Debug|Any CPU
		{773179EC-FF48-42D2-9123-5E2002A541A4}.Debug|iPhoneSimulator.Build.0 = Debug|Any CPU
		{773179EC-FF48-42D2-9123-5E2002A541A4}.Debug|x64.ActiveCfg = Debug|Any CPU
		{773179EC-FF48-42D2-9123-5E2002A541A4}.Debug|x64.Build.0 = Debug|Any CPU
		{773179EC-FF48-42D2-9123-5E2002A541A4}.Debug|x86.ActiveCfg = Debug|Any CPU
		{773179EC-FF48-42D2-9123-5E2002A541A4}.Debug|x86.Build.0 = Debug|Any CPU
		{773179EC-FF48-42D2-9123-5E2002A541A4}.Release|Any CPU.ActiveCfg = Release|Any CPU
		{773179EC-FF48-42D2-9123-5E2002A541A4}.Release|Any CPU.Build.0 = Release|Any CPU
		{773179EC-FF48-42D2-9123-5E2002A541A4}.Release|ARM.ActiveCfg = Release|Any CPU
		{773179EC-FF48-42D2-9123-5E2002A541A4}.Release|ARM.Build.0 = Release|Any CPU
		{773179EC-FF48-42D2-9123-5E2002A541A4}.Release|iPhone.ActiveCfg = Release|Any CPU
		{773179EC-FF48-42D2-9123-5E2002A541A4}.Release|iPhone.Build.0 = Release|Any CPU
		{773179EC-FF48-42D2-9123-5E2002A541A4}.Release|iPhoneSimulator.ActiveCfg = Release|Any CPU
		{773179EC-FF48-42D2-9123-5E2002A541A4}.Release|iPhoneSimulator.Build.0 = Release|Any CPU
		{773179EC-FF48-42D2-9123-5E2002A541A4}.Release|x64.ActiveCfg = Release|Any CPU
		{773179EC-FF48-42D2-9123-5E2002A541A4}.Release|x64.Build.0 = Release|Any CPU
		{773179EC-FF48-42D2-9123-5E2002A541A4}.Release|x86.ActiveCfg = Release|Any CPU
		{773179EC-FF48-42D2-9123-5E2002A541A4}.Release|x86.Build.0 = Release|Any CPU
		{AF35005E-2E6E-48D6-ADE2-CBDAC18657DF}.Ad-Hoc|Any CPU.ActiveCfg = Release|Any CPU
		{AF35005E-2E6E-48D6-ADE2-CBDAC18657DF}.Ad-Hoc|Any CPU.Build.0 = Release|Any CPU
		{AF35005E-2E6E-48D6-ADE2-CBDAC18657DF}.Ad-Hoc|ARM.ActiveCfg = Release|Any CPU
		{AF35005E-2E6E-48D6-ADE2-CBDAC18657DF}.Ad-Hoc|ARM.Build.0 = Release|Any CPU
		{AF35005E-2E6E-48D6-ADE2-CBDAC18657DF}.Ad-Hoc|iPhone.ActiveCfg = Release|Any CPU
		{AF35005E-2E6E-48D6-ADE2-CBDAC18657DF}.Ad-Hoc|iPhone.Build.0 = Release|Any CPU
		{AF35005E-2E6E-48D6-ADE2-CBDAC18657DF}.Ad-Hoc|iPhoneSimulator.ActiveCfg = Release|Any CPU
		{AF35005E-2E6E-48D6-ADE2-CBDAC18657DF}.Ad-Hoc|iPhoneSimulator.Build.0 = Release|Any CPU
		{AF35005E-2E6E-48D6-ADE2-CBDAC18657DF}.Ad-Hoc|x64.ActiveCfg = Release|Any CPU
		{AF35005E-2E6E-48D6-ADE2-CBDAC18657DF}.Ad-Hoc|x64.Build.0 = Release|Any CPU
		{AF35005E-2E6E-48D6-ADE2-CBDAC18657DF}.Ad-Hoc|x86.ActiveCfg = Release|Any CPU
		{AF35005E-2E6E-48D6-ADE2-CBDAC18657DF}.Ad-Hoc|x86.Build.0 = Release|Any CPU
		{AF35005E-2E6E-48D6-ADE2-CBDAC18657DF}.AppStore|Any CPU.ActiveCfg = Release|Any CPU
		{AF35005E-2E6E-48D6-ADE2-CBDAC18657DF}.AppStore|Any CPU.Build.0 = Release|Any CPU
		{AF35005E-2E6E-48D6-ADE2-CBDAC18657DF}.AppStore|ARM.ActiveCfg = Release|Any CPU
		{AF35005E-2E6E-48D6-ADE2-CBDAC18657DF}.AppStore|ARM.Build.0 = Release|Any CPU
		{AF35005E-2E6E-48D6-ADE2-CBDAC18657DF}.AppStore|iPhone.ActiveCfg = Release|Any CPU
		{AF35005E-2E6E-48D6-ADE2-CBDAC18657DF}.AppStore|iPhone.Build.0 = Release|Any CPU
		{AF35005E-2E6E-48D6-ADE2-CBDAC18657DF}.AppStore|iPhoneSimulator.ActiveCfg = Release|Any CPU
		{AF35005E-2E6E-48D6-ADE2-CBDAC18657DF}.AppStore|iPhoneSimulator.Build.0 = Release|Any CPU
		{AF35005E-2E6E-48D6-ADE2-CBDAC18657DF}.AppStore|x64.ActiveCfg = Release|Any CPU
		{AF35005E-2E6E-48D6-ADE2-CBDAC18657DF}.AppStore|x64.Build.0 = Release|Any CPU
		{AF35005E-2E6E-48D6-ADE2-CBDAC18657DF}.AppStore|x86.ActiveCfg = Release|Any CPU
		{AF35005E-2E6E-48D6-ADE2-CBDAC18657DF}.AppStore|x86.Build.0 = Release|Any CPU
		{AF35005E-2E6E-48D6-ADE2-CBDAC18657DF}.Debug|Any CPU.ActiveCfg = Debug|Any CPU
		{AF35005E-2E6E-48D6-ADE2-CBDAC18657DF}.Debug|Any CPU.Build.0 = Debug|Any CPU
		{AF35005E-2E6E-48D6-ADE2-CBDAC18657DF}.Debug|ARM.ActiveCfg = Debug|Any CPU
		{AF35005E-2E6E-48D6-ADE2-CBDAC18657DF}.Debug|ARM.Build.0 = Debug|Any CPU
		{AF35005E-2E6E-48D6-ADE2-CBDAC18657DF}.Debug|iPhone.ActiveCfg = Debug|Any CPU
		{AF35005E-2E6E-48D6-ADE2-CBDAC18657DF}.Debug|iPhone.Build.0 = Debug|Any CPU
		{AF35005E-2E6E-48D6-ADE2-CBDAC18657DF}.Debug|iPhoneSimulator.ActiveCfg = Debug|Any CPU
		{AF35005E-2E6E-48D6-ADE2-CBDAC18657DF}.Debug|iPhoneSimulator.Build.0 = Debug|Any CPU
		{AF35005E-2E6E-48D6-ADE2-CBDAC18657DF}.Debug|x64.ActiveCfg = Debug|Any CPU
		{AF35005E-2E6E-48D6-ADE2-CBDAC18657DF}.Debug|x64.Build.0 = Debug|Any CPU
		{AF35005E-2E6E-48D6-ADE2-CBDAC18657DF}.Debug|x86.ActiveCfg = Debug|Any CPU
		{AF35005E-2E6E-48D6-ADE2-CBDAC18657DF}.Debug|x86.Build.0 = Debug|Any CPU
		{AF35005E-2E6E-48D6-ADE2-CBDAC18657DF}.Release|Any CPU.ActiveCfg = Release|Any CPU
		{AF35005E-2E6E-48D6-ADE2-CBDAC18657DF}.Release|Any CPU.Build.0 = Release|Any CPU
		{AF35005E-2E6E-48D6-ADE2-CBDAC18657DF}.Release|ARM.ActiveCfg = Release|Any CPU
		{AF35005E-2E6E-48D6-ADE2-CBDAC18657DF}.Release|ARM.Build.0 = Release|Any CPU
		{AF35005E-2E6E-48D6-ADE2-CBDAC18657DF}.Release|iPhone.ActiveCfg = Release|Any CPU
		{AF35005E-2E6E-48D6-ADE2-CBDAC18657DF}.Release|iPhone.Build.0 = Release|Any CPU
		{AF35005E-2E6E-48D6-ADE2-CBDAC18657DF}.Release|iPhoneSimulator.ActiveCfg = Release|Any CPU
		{AF35005E-2E6E-48D6-ADE2-CBDAC18657DF}.Release|iPhoneSimulator.Build.0 = Release|Any CPU
		{AF35005E-2E6E-48D6-ADE2-CBDAC18657DF}.Release|x64.ActiveCfg = Release|Any CPU
		{AF35005E-2E6E-48D6-ADE2-CBDAC18657DF}.Release|x64.Build.0 = Release|Any CPU
		{AF35005E-2E6E-48D6-ADE2-CBDAC18657DF}.Release|x86.ActiveCfg = Release|Any CPU
		{AF35005E-2E6E-48D6-ADE2-CBDAC18657DF}.Release|x86.Build.0 = Release|Any CPU
		{0621377A-0745-45C9-AE27-AC86F2AF371B}.Ad-Hoc|Any CPU.ActiveCfg = Release|Any CPU
		{0621377A-0745-45C9-AE27-AC86F2AF371B}.Ad-Hoc|Any CPU.Build.0 = Release|Any CPU
		{0621377A-0745-45C9-AE27-AC86F2AF371B}.Ad-Hoc|ARM.ActiveCfg = Release|Any CPU
		{0621377A-0745-45C9-AE27-AC86F2AF371B}.Ad-Hoc|ARM.Build.0 = Release|Any CPU
		{0621377A-0745-45C9-AE27-AC86F2AF371B}.Ad-Hoc|iPhone.ActiveCfg = Release|Any CPU
		{0621377A-0745-45C9-AE27-AC86F2AF371B}.Ad-Hoc|iPhone.Build.0 = Release|Any CPU
		{0621377A-0745-45C9-AE27-AC86F2AF371B}.Ad-Hoc|iPhoneSimulator.ActiveCfg = Release|Any CPU
		{0621377A-0745-45C9-AE27-AC86F2AF371B}.Ad-Hoc|iPhoneSimulator.Build.0 = Release|Any CPU
		{0621377A-0745-45C9-AE27-AC86F2AF371B}.Ad-Hoc|x64.ActiveCfg = Release|Any CPU
		{0621377A-0745-45C9-AE27-AC86F2AF371B}.Ad-Hoc|x64.Build.0 = Release|Any CPU
		{0621377A-0745-45C9-AE27-AC86F2AF371B}.Ad-Hoc|x86.ActiveCfg = Release|Any CPU
		{0621377A-0745-45C9-AE27-AC86F2AF371B}.Ad-Hoc|x86.Build.0 = Release|Any CPU
		{0621377A-0745-45C9-AE27-AC86F2AF371B}.AppStore|Any CPU.ActiveCfg = Release|Any CPU
		{0621377A-0745-45C9-AE27-AC86F2AF371B}.AppStore|Any CPU.Build.0 = Release|Any CPU
		{0621377A-0745-45C9-AE27-AC86F2AF371B}.AppStore|ARM.ActiveCfg = Release|Any CPU
		{0621377A-0745-45C9-AE27-AC86F2AF371B}.AppStore|ARM.Build.0 = Release|Any CPU
		{0621377A-0745-45C9-AE27-AC86F2AF371B}.AppStore|iPhone.ActiveCfg = Release|Any CPU
		{0621377A-0745-45C9-AE27-AC86F2AF371B}.AppStore|iPhone.Build.0 = Release|Any CPU
		{0621377A-0745-45C9-AE27-AC86F2AF371B}.AppStore|iPhoneSimulator.ActiveCfg = Release|Any CPU
		{0621377A-0745-45C9-AE27-AC86F2AF371B}.AppStore|iPhoneSimulator.Build.0 = Release|Any CPU
		{0621377A-0745-45C9-AE27-AC86F2AF371B}.AppStore|x64.ActiveCfg = Release|Any CPU
		{0621377A-0745-45C9-AE27-AC86F2AF371B}.AppStore|x64.Build.0 = Release|Any CPU
		{0621377A-0745-45C9-AE27-AC86F2AF371B}.AppStore|x86.ActiveCfg = Release|Any CPU
		{0621377A-0745-45C9-AE27-AC86F2AF371B}.AppStore|x86.Build.0 = Release|Any CPU
		{0621377A-0745-45C9-AE27-AC86F2AF371B}.Debug|Any CPU.ActiveCfg = Debug|Any CPU
		{0621377A-0745-45C9-AE27-AC86F2AF371B}.Debug|Any CPU.Build.0 = Debug|Any CPU
		{0621377A-0745-45C9-AE27-AC86F2AF371B}.Debug|ARM.ActiveCfg = Debug|Any CPU
		{0621377A-0745-45C9-AE27-AC86F2AF371B}.Debug|ARM.Build.0 = Debug|Any CPU
		{0621377A-0745-45C9-AE27-AC86F2AF371B}.Debug|iPhone.ActiveCfg = Debug|Any CPU
		{0621377A-0745-45C9-AE27-AC86F2AF371B}.Debug|iPhone.Build.0 = Debug|Any CPU
		{0621377A-0745-45C9-AE27-AC86F2AF371B}.Debug|iPhoneSimulator.ActiveCfg = Debug|Any CPU
		{0621377A-0745-45C9-AE27-AC86F2AF371B}.Debug|iPhoneSimulator.Build.0 = Debug|Any CPU
		{0621377A-0745-45C9-AE27-AC86F2AF371B}.Debug|x64.ActiveCfg = Debug|Any CPU
		{0621377A-0745-45C9-AE27-AC86F2AF371B}.Debug|x64.Build.0 = Debug|Any CPU
		{0621377A-0745-45C9-AE27-AC86F2AF371B}.Debug|x86.ActiveCfg = Debug|Any CPU
		{0621377A-0745-45C9-AE27-AC86F2AF371B}.Debug|x86.Build.0 = Debug|Any CPU
		{0621377A-0745-45C9-AE27-AC86F2AF371B}.Release|Any CPU.ActiveCfg = Release|Any CPU
		{0621377A-0745-45C9-AE27-AC86F2AF371B}.Release|Any CPU.Build.0 = Release|Any CPU
		{0621377A-0745-45C9-AE27-AC86F2AF371B}.Release|ARM.ActiveCfg = Release|Any CPU
		{0621377A-0745-45C9-AE27-AC86F2AF371B}.Release|ARM.Build.0 = Release|Any CPU
		{0621377A-0745-45C9-AE27-AC86F2AF371B}.Release|iPhone.ActiveCfg = Release|Any CPU
		{0621377A-0745-45C9-AE27-AC86F2AF371B}.Release|iPhone.Build.0 = Release|Any CPU
		{0621377A-0745-45C9-AE27-AC86F2AF371B}.Release|iPhoneSimulator.ActiveCfg = Release|Any CPU
		{0621377A-0745-45C9-AE27-AC86F2AF371B}.Release|iPhoneSimulator.Build.0 = Release|Any CPU
		{0621377A-0745-45C9-AE27-AC86F2AF371B}.Release|x64.ActiveCfg = Release|Any CPU
		{0621377A-0745-45C9-AE27-AC86F2AF371B}.Release|x64.Build.0 = Release|Any CPU
		{0621377A-0745-45C9-AE27-AC86F2AF371B}.Release|x86.ActiveCfg = Release|Any CPU
		{0621377A-0745-45C9-AE27-AC86F2AF371B}.Release|x86.Build.0 = Release|Any CPU
		{D8A5E0E5-9D05-4326-BB60-C47F15434205}.Ad-Hoc|Any CPU.ActiveCfg = Release|Any CPU
		{D8A5E0E5-9D05-4326-BB60-C47F15434205}.Ad-Hoc|Any CPU.Build.0 = Release|Any CPU
		{D8A5E0E5-9D05-4326-BB60-C47F15434205}.Ad-Hoc|ARM.ActiveCfg = Release|Any CPU
		{D8A5E0E5-9D05-4326-BB60-C47F15434205}.Ad-Hoc|ARM.Build.0 = Release|Any CPU
		{D8A5E0E5-9D05-4326-BB60-C47F15434205}.Ad-Hoc|iPhone.ActiveCfg = Release|Any CPU
		{D8A5E0E5-9D05-4326-BB60-C47F15434205}.Ad-Hoc|iPhone.Build.0 = Release|Any CPU
		{D8A5E0E5-9D05-4326-BB60-C47F15434205}.Ad-Hoc|iPhoneSimulator.ActiveCfg = Release|Any CPU
		{D8A5E0E5-9D05-4326-BB60-C47F15434205}.Ad-Hoc|iPhoneSimulator.Build.0 = Release|Any CPU
		{D8A5E0E5-9D05-4326-BB60-C47F15434205}.Ad-Hoc|x64.ActiveCfg = Release|Any CPU
		{D8A5E0E5-9D05-4326-BB60-C47F15434205}.Ad-Hoc|x64.Build.0 = Release|Any CPU
		{D8A5E0E5-9D05-4326-BB60-C47F15434205}.Ad-Hoc|x86.ActiveCfg = Release|Any CPU
		{D8A5E0E5-9D05-4326-BB60-C47F15434205}.Ad-Hoc|x86.Build.0 = Release|Any CPU
		{D8A5E0E5-9D05-4326-BB60-C47F15434205}.AppStore|Any CPU.ActiveCfg = Release|Any CPU
		{D8A5E0E5-9D05-4326-BB60-C47F15434205}.AppStore|Any CPU.Build.0 = Release|Any CPU
		{D8A5E0E5-9D05-4326-BB60-C47F15434205}.AppStore|ARM.ActiveCfg = Release|Any CPU
		{D8A5E0E5-9D05-4326-BB60-C47F15434205}.AppStore|ARM.Build.0 = Release|Any CPU
		{D8A5E0E5-9D05-4326-BB60-C47F15434205}.AppStore|iPhone.ActiveCfg = Release|Any CPU
		{D8A5E0E5-9D05-4326-BB60-C47F15434205}.AppStore|iPhone.Build.0 = Release|Any CPU
		{D8A5E0E5-9D05-4326-BB60-C47F15434205}.AppStore|iPhoneSimulator.ActiveCfg = Release|Any CPU
		{D8A5E0E5-9D05-4326-BB60-C47F15434205}.AppStore|iPhoneSimulator.Build.0 = Release|Any CPU
		{D8A5E0E5-9D05-4326-BB60-C47F15434205}.AppStore|x64.ActiveCfg = Release|Any CPU
		{D8A5E0E5-9D05-4326-BB60-C47F15434205}.AppStore|x64.Build.0 = Release|Any CPU
		{D8A5E0E5-9D05-4326-BB60-C47F15434205}.AppStore|x86.ActiveCfg = Release|Any CPU
		{D8A5E0E5-9D05-4326-BB60-C47F15434205}.AppStore|x86.Build.0 = Release|Any CPU
		{D8A5E0E5-9D05-4326-BB60-C47F15434205}.Debug|Any CPU.ActiveCfg = Debug|Any CPU
		{D8A5E0E5-9D05-4326-BB60-C47F15434205}.Debug|Any CPU.Build.0 = Debug|Any CPU
		{D8A5E0E5-9D05-4326-BB60-C47F15434205}.Debug|ARM.ActiveCfg = Debug|Any CPU
		{D8A5E0E5-9D05-4326-BB60-C47F15434205}.Debug|ARM.Build.0 = Debug|Any CPU
		{D8A5E0E5-9D05-4326-BB60-C47F15434205}.Debug|iPhone.ActiveCfg = Debug|Any CPU
		{D8A5E0E5-9D05-4326-BB60-C47F15434205}.Debug|iPhone.Build.0 = Debug|Any CPU
		{D8A5E0E5-9D05-4326-BB60-C47F15434205}.Debug|iPhoneSimulator.ActiveCfg = Debug|Any CPU
		{D8A5E0E5-9D05-4326-BB60-C47F15434205}.Debug|iPhoneSimulator.Build.0 = Debug|Any CPU
		{D8A5E0E5-9D05-4326-BB60-C47F15434205}.Debug|x64.ActiveCfg = Debug|Any CPU
		{D8A5E0E5-9D05-4326-BB60-C47F15434205}.Debug|x64.Build.0 = Debug|Any CPU
		{D8A5E0E5-9D05-4326-BB60-C47F15434205}.Debug|x86.ActiveCfg = Debug|Any CPU
		{D8A5E0E5-9D05-4326-BB60-C47F15434205}.Debug|x86.Build.0 = Debug|Any CPU
		{D8A5E0E5-9D05-4326-BB60-C47F15434205}.Release|Any CPU.ActiveCfg = Release|Any CPU
		{D8A5E0E5-9D05-4326-BB60-C47F15434205}.Release|Any CPU.Build.0 = Release|Any CPU
		{D8A5E0E5-9D05-4326-BB60-C47F15434205}.Release|ARM.ActiveCfg = Release|Any CPU
		{D8A5E0E5-9D05-4326-BB60-C47F15434205}.Release|ARM.Build.0 = Release|Any CPU
		{D8A5E0E5-9D05-4326-BB60-C47F15434205}.Release|iPhone.ActiveCfg = Release|Any CPU
		{D8A5E0E5-9D05-4326-BB60-C47F15434205}.Release|iPhone.Build.0 = Release|Any CPU
		{D8A5E0E5-9D05-4326-BB60-C47F15434205}.Release|iPhoneSimulator.ActiveCfg = Release|Any CPU
		{D8A5E0E5-9D05-4326-BB60-C47F15434205}.Release|iPhoneSimulator.Build.0 = Release|Any CPU
		{D8A5E0E5-9D05-4326-BB60-C47F15434205}.Release|x64.ActiveCfg = Release|Any CPU
		{D8A5E0E5-9D05-4326-BB60-C47F15434205}.Release|x64.Build.0 = Release|Any CPU
		{D8A5E0E5-9D05-4326-BB60-C47F15434205}.Release|x86.ActiveCfg = Release|Any CPU
		{D8A5E0E5-9D05-4326-BB60-C47F15434205}.Release|x86.Build.0 = Release|Any CPU
		{E34B3D81-0AA4-4E2D-A7CC-8B8B8C4CCB0C}.Ad-Hoc|Any CPU.ActiveCfg = Release|Any CPU
		{E34B3D81-0AA4-4E2D-A7CC-8B8B8C4CCB0C}.Ad-Hoc|Any CPU.Build.0 = Release|Any CPU
		{E34B3D81-0AA4-4E2D-A7CC-8B8B8C4CCB0C}.Ad-Hoc|ARM.ActiveCfg = Release|Any CPU
		{E34B3D81-0AA4-4E2D-A7CC-8B8B8C4CCB0C}.Ad-Hoc|ARM.Build.0 = Release|Any CPU
		{E34B3D81-0AA4-4E2D-A7CC-8B8B8C4CCB0C}.Ad-Hoc|iPhone.ActiveCfg = Release|Any CPU
		{E34B3D81-0AA4-4E2D-A7CC-8B8B8C4CCB0C}.Ad-Hoc|iPhone.Build.0 = Release|Any CPU
		{E34B3D81-0AA4-4E2D-A7CC-8B8B8C4CCB0C}.Ad-Hoc|iPhoneSimulator.ActiveCfg = Release|Any CPU
		{E34B3D81-0AA4-4E2D-A7CC-8B8B8C4CCB0C}.Ad-Hoc|iPhoneSimulator.Build.0 = Release|Any CPU
		{E34B3D81-0AA4-4E2D-A7CC-8B8B8C4CCB0C}.Ad-Hoc|x64.ActiveCfg = Release|Any CPU
		{E34B3D81-0AA4-4E2D-A7CC-8B8B8C4CCB0C}.Ad-Hoc|x64.Build.0 = Release|Any CPU
		{E34B3D81-0AA4-4E2D-A7CC-8B8B8C4CCB0C}.Ad-Hoc|x86.ActiveCfg = Release|Any CPU
		{E34B3D81-0AA4-4E2D-A7CC-8B8B8C4CCB0C}.Ad-Hoc|x86.Build.0 = Release|Any CPU
		{E34B3D81-0AA4-4E2D-A7CC-8B8B8C4CCB0C}.AppStore|Any CPU.ActiveCfg = Release|Any CPU
		{E34B3D81-0AA4-4E2D-A7CC-8B8B8C4CCB0C}.AppStore|Any CPU.Build.0 = Release|Any CPU
		{E34B3D81-0AA4-4E2D-A7CC-8B8B8C4CCB0C}.AppStore|ARM.ActiveCfg = Release|Any CPU
		{E34B3D81-0AA4-4E2D-A7CC-8B8B8C4CCB0C}.AppStore|ARM.Build.0 = Release|Any CPU
		{E34B3D81-0AA4-4E2D-A7CC-8B8B8C4CCB0C}.AppStore|iPhone.ActiveCfg = Release|Any CPU
		{E34B3D81-0AA4-4E2D-A7CC-8B8B8C4CCB0C}.AppStore|iPhone.Build.0 = Release|Any CPU
		{E34B3D81-0AA4-4E2D-A7CC-8B8B8C4CCB0C}.AppStore|iPhoneSimulator.ActiveCfg = Release|Any CPU
		{E34B3D81-0AA4-4E2D-A7CC-8B8B8C4CCB0C}.AppStore|iPhoneSimulator.Build.0 = Release|Any CPU
		{E34B3D81-0AA4-4E2D-A7CC-8B8B8C4CCB0C}.AppStore|x64.ActiveCfg = Release|Any CPU
		{E34B3D81-0AA4-4E2D-A7CC-8B8B8C4CCB0C}.AppStore|x64.Build.0 = Release|Any CPU
		{E34B3D81-0AA4-4E2D-A7CC-8B8B8C4CCB0C}.AppStore|x86.ActiveCfg = Release|Any CPU
		{E34B3D81-0AA4-4E2D-A7CC-8B8B8C4CCB0C}.AppStore|x86.Build.0 = Release|Any CPU
		{E34B3D81-0AA4-4E2D-A7CC-8B8B8C4CCB0C}.Debug|Any CPU.ActiveCfg = Debug|Any CPU
		{E34B3D81-0AA4-4E2D-A7CC-8B8B8C4CCB0C}.Debug|Any CPU.Build.0 = Debug|Any CPU
		{E34B3D81-0AA4-4E2D-A7CC-8B8B8C4CCB0C}.Debug|ARM.ActiveCfg = Debug|Any CPU
		{E34B3D81-0AA4-4E2D-A7CC-8B8B8C4CCB0C}.Debug|ARM.Build.0 = Debug|Any CPU
		{E34B3D81-0AA4-4E2D-A7CC-8B8B8C4CCB0C}.Debug|iPhone.ActiveCfg = Debug|Any CPU
		{E34B3D81-0AA4-4E2D-A7CC-8B8B8C4CCB0C}.Debug|iPhone.Build.0 = Debug|Any CPU
		{E34B3D81-0AA4-4E2D-A7CC-8B8B8C4CCB0C}.Debug|iPhoneSimulator.ActiveCfg = Debug|Any CPU
		{E34B3D81-0AA4-4E2D-A7CC-8B8B8C4CCB0C}.Debug|iPhoneSimulator.Build.0 = Debug|Any CPU
		{E34B3D81-0AA4-4E2D-A7CC-8B8B8C4CCB0C}.Debug|x64.ActiveCfg = Debug|Any CPU
		{E34B3D81-0AA4-4E2D-A7CC-8B8B8C4CCB0C}.Debug|x64.Build.0 = Debug|Any CPU
		{E34B3D81-0AA4-4E2D-A7CC-8B8B8C4CCB0C}.Debug|x86.ActiveCfg = Debug|Any CPU
		{E34B3D81-0AA4-4E2D-A7CC-8B8B8C4CCB0C}.Debug|x86.Build.0 = Debug|Any CPU
		{E34B3D81-0AA4-4E2D-A7CC-8B8B8C4CCB0C}.Release|Any CPU.ActiveCfg = Release|Any CPU
		{E34B3D81-0AA4-4E2D-A7CC-8B8B8C4CCB0C}.Release|Any CPU.Build.0 = Release|Any CPU
		{E34B3D81-0AA4-4E2D-A7CC-8B8B8C4CCB0C}.Release|ARM.ActiveCfg = Release|Any CPU
		{E34B3D81-0AA4-4E2D-A7CC-8B8B8C4CCB0C}.Release|ARM.Build.0 = Release|Any CPU
		{E34B3D81-0AA4-4E2D-A7CC-8B8B8C4CCB0C}.Release|iPhone.ActiveCfg = Release|Any CPU
		{E34B3D81-0AA4-4E2D-A7CC-8B8B8C4CCB0C}.Release|iPhone.Build.0 = Release|Any CPU
		{E34B3D81-0AA4-4E2D-A7CC-8B8B8C4CCB0C}.Release|iPhoneSimulator.ActiveCfg = Release|Any CPU
		{E34B3D81-0AA4-4E2D-A7CC-8B8B8C4CCB0C}.Release|iPhoneSimulator.Build.0 = Release|Any CPU
		{E34B3D81-0AA4-4E2D-A7CC-8B8B8C4CCB0C}.Release|x64.ActiveCfg = Release|Any CPU
		{E34B3D81-0AA4-4E2D-A7CC-8B8B8C4CCB0C}.Release|x64.Build.0 = Release|Any CPU
		{E34B3D81-0AA4-4E2D-A7CC-8B8B8C4CCB0C}.Release|x86.ActiveCfg = Release|Any CPU
		{E34B3D81-0AA4-4E2D-A7CC-8B8B8C4CCB0C}.Release|x86.Build.0 = Release|Any CPU
	EndGlobalSection
	GlobalSection(SolutionProperties) = preSolution
		HideSolutionNode = FALSE
	EndGlobalSection
	GlobalSection(ExtensibilityGlobals) = postSolution
		SolutionGuid = {F7072FF4-5904-48F5-A6C9-D8D66E88689C}
	EndGlobalSection
EndGlobal
